{
  "name": "commons",
  "lockfileVersion": 3,
  "requires": true,
  "packages": {
    "": {
      "name": "commons",
      "dependencies": {
        "@cedulon/core": "0.13.1"
      }
    },
    "node_modules/@cedulon/core": {
      "version": "0.13.1",
      "resolved": "https://registry.npmjs.org/@cedulon/core/-/core-0.13.1.tgz",
      "integrity": "sha512-W3dOTwnwa5luCxrI8tS1ko92JjIPTX+jNhgjaqNf6iJ9P0LBoNDeki9udiZe3gZ8w0PnGfkIbqBewT7vJwUPZA==",
      "license": "Apache-2.0",
      "dependencies": {
        "@cedulon/cose": "^0.13.1"
      },
      "engines": {
        "node": ">=20"
      }
    },
    "node_modules/@cedulon/cose": {
      "version": "0.13.1",
      "resolved": "https://registry.npmjs.org/@cedulon/cose/-/cose-0.13.1.tgz",
      "integrity": "sha512-EnwiFja++mqxbo77g6ablkctLDA58z7IulPZ1aANjdpbjQRmGRP1aA7TZkTqwiCKxaoLNu9bEsIow2WxmZVUZg==",
      "license": "Apache-2.0",
      "engines": {
        "node": ">=20"
      }
    }
  }
}
